
Microsoft Visual Studio Solution File, Format Version 12.00
# Visual Studio Version 17
VisualStudioVersion = 17.11.35431.28
MinimumVisualStudioVersion = 10.0.40219.1
Project("{FAE04EC0-301F-11D3-BF4B-00C04F79EFBC}") = "Week13SQLiteDB", "Week13SQLiteDB\Week13SQLiteDB.csproj", "{A607B9F2-24F5-44C7-A085-A9073BB2180F}"
EndProject
Global
	GlobalSection(SolutionConfigurationPlatforms) = preSolution
		Debug|Any CPU = Debug|Any CPU
		Release|Any CPU = Release|Any CPU
	EndGlobalSection
	GlobalSection(ProjectConfigurationPlatforms) = postSolution
		{A607B9F2-24F5-44C7-A085-A9073BB2180F}.Debug|Any CPU.ActiveCfg = Debug|Any CPU
		{A607B9F2-24F5-44C7-A085-A9073BB2180F}.Debug|Any CPU.Build.0 = Debug|Any CPU
		{A607B9F2-24F5-44C7-A085-A9073BB2180F}.Release|Any CPU.ActiveCfg = Release|Any CPU
		{A607B9F2-24F5-44C7-A085-A9073BB2180F}.Release|Any CPU.Build.0 = Release|Any CPU
	EndGlobalSection
	GlobalSection(SolutionProperties) = preSolution
		HideSolutionNode = FALSE
	EndGlobalSection
	GlobalSection(ExtensibilityGlobals) = postSolution
		SolutionGuid = {C2F10F61-F7B6-4421-9544-5F0AB03D0DE4}
	EndGlobalSection
EndGlobal
